lockfileVersion: '9.0'

settings:
  autoInstallPeers: true
  excludeLinksFromLockfile: false

importers:

  .:
    dependencies:
      prettier-plugin-svelte:
        specifier: ^3.4.1
        version: 3.4.1(prettier@3.7.4)(svelte@5.46.0)
    devDependencies:
      '@hypernym/bundler':
        specifier: ^0.31.0
        version: 0.31.0(typescript@5.9.3)
      '@sveltek/tsconfig':
        specifier: ^1.0.1
        version: 1.0.1(typescript@5.9.3)
      prettier:
        specifier: ^3.7.4
        version: 3.7.4

packages:

  '@babel/generator@7.28.5':
    resolution: {integrity: sha512-3EwLFhZ38J4VyIP6WNtt2kUdW9dokXA9Cr4IVIFHuCpZ3H8/YFOl5JjZHisrn1fATPBmKKqXzDFvh9fUwHz6CQ==}
    engines: {node: '>=6.9.0'}

  '@babel/helper-string-parser@7.27.1':
    resolution: {integrity: sha512-qMlSxKbpRlAridDExk92nSobyDdpPijUq2DW6oDnUqd0iOGxmQjyqhMIihI9+zv4LPyZdRje2cavWPbCbWm3eA==}
    engines: {node: '>=6.9.0'}

  '@babel/helper-validator-identifier@7.28.5':
    resolution: {integrity: sha512-qSs4ifwzKJSV39ucNjsvc6WVHs6b7S03sOh2OcHF9UHfVPqWWALUsNUVzhSBiItjRZoLHx7nIarVjqKVusUZ1Q==}
    engines: {node: '>=6.9.0'}

  '@babel/parser@7.28.5':
    resolution: {integrity: sha512-KKBU1VGYR7ORr3At5HAtUQ+TV3SzRCXmA/8OdDZiLDBIZxVyzXuztPjfLd3BV1PRAQGCMWWSHYhL0F8d5uHBDQ==}
    engines: {node: '>=6.0.0'}
    hasBin: true

  '@babel/types@7.28.5':
    resolution: {integrity: sha512-qQ5m48eI/MFLQ5PxQj4PFaprjyCTLI37ElWMmNs0K8Lk3dVeOdNpB3ks8jc7yM5CDmVC73eMVk/trk3fgmrUpA==}
    engines: {node: '>=6.9.0'}

  '@emnapi/core@1.7.1':
    resolution: {integrity: sha512-o1uhUASyo921r2XtHYOHy7gdkGLge8ghBEQHMWmyJFoXlpU58kIrhhN3w26lpQb6dspetweapMn2CSNwQ8I4wg==}

  '@emnapi/runtime@1.7.1':
    resolution: {integrity: sha512-PVtJr5CmLwYAU9PZDMITZoR5iAOShYREoR45EyyLrbntV50mdePTgUn4AmOw90Ifcj+x2kRjdzr1HP3RrNiHGA==}

  '@emnapi/wasi-threads@1.1.0':
    resolution: {integrity: sha512-WI0DdZ8xFSbgMjR1sFsKABJ/C5OnRrjT06JXbZKexJGrDuPTzZdDYfFlsgcCXCyf+suG5QU2e/y1Wo2V/OapLQ==}

  '@hypernym/args@0.3.4':
    resolution: {integrity: sha512-4c7atkLJzIgUibN9EqP0v+PExE0T7UgY7hKfvXNciviM5LzUCiNgMpMB5aHeMlEVEtJCbrg+Chx4nZ56jkGvfg==}

  '@hypernym/bundler@0.31.0':
    resolution: {integrity: sha512-z2C2fXzlihkHi0Rca2YhIP5NDxTJ0xMYA+YNdV+RDULQ1RM6LZXVDtb+VwSa0y/DuEUfTFJyE7GuIDzffI+p5w==}
    hasBin: true
    peerDependencies:
      '@types/node': '>=20.0.0'
      typescript: '>=5.0.0'
    peerDependenciesMeta:
      '@types/node':
        optional: true
      typescript:
        optional: true

  '@hypernym/colors@1.0.6':
    resolution: {integrity: sha512-BE00j5nVVIZ0HQUrTlEogZeyCU0ehi6OqNEkSJKCkKzRvv6uluhI2Yo2AIi5v2HcGtzon6MYdV1ljA6B3Bj3Jw==}
    peerDependencies:
      '@types/node': '>=20.0.0'
      typescript: '>=5.0.0'
    peerDependenciesMeta:
      '@types/node':
        optional: true
      typescript:
        optional: true

  '@hypernym/utils@3.4.6':
    resolution: {integrity: sha512-gPye+NP75hMGvDwU9fZGw5lRS+j3j0iLJlagUvgKHbJb8OrddVm/wDB+y1A2883SJdvmdFagMU89IazEkkzIQg==}
    peerDependencies:
      '@types/node': '>=20.0.0'
      typescript: '>=5.0.0'
    peerDependenciesMeta:
      '@types/node':
        optional: true
      typescript:
        optional: true

  '@jridgewell/gen-mapping@0.3.13':
    resolution: {integrity: sha512-2kkt/7niJ6MgEPxF0bYdQ6etZaA+fQvDcLKckhy1yIQOzaoKjBBjSj63/aLVjYE3qhRt5dvM+uUyfCg6UKCBbA==}

  '@jridgewell/remapping@2.3.5':
    resolution: {integrity: sha512-LI9u/+laYG4Ds1TDKSJW2YPrIlcVYOwi2fUC6xB43lueCjgxV4lffOCZCtYFiH6TNOX+tQKXx97T4IKHbhyHEQ==}

  '@jridgewell/resolve-uri@3.1.2':
    resolution: {integrity: sha512-bRISgCIjP20/tbWSPWMEi54QVPRZExkuD9lJL+UIxUKtwVJA8wW1Trb1jMs1RFXo1CBTNZ/5hpC9QvmKWdopKw==}
    engines: {node: '>=6.0.0'}

  '@jridgewell/sourcemap-codec@1.5.5':
    resolution: {integrity: sha512-cYQ9310grqxueWbl+WuIUIaiUaDcj7WOq5fVhEljNVgRfOUhY9fy2zTvfoqWsnebh8Sl70VScFbICvJnLKB0Og==}

  '@jridgewell/trace-mapping@0.3.31':
    resolution: {integrity: sha512-zzNR+SdQSDJzc8joaeP8QQoCQr8NuYx2dIIytl1QeBEZHJ9uW6hebsrYgbz8hJwUQao3TWCMtmfV8Nu1twOLAw==}

  '@napi-rs/wasm-runtime@1.1.0':
    resolution: {integrity: sha512-Fq6DJW+Bb5jaWE69/qOE0D1TUN9+6uWhCeZpdnSBk14pjLcCWR7Q8n49PTSPHazM37JqrsdpEthXy2xn6jWWiA==}

  '@oxc-project/types@0.103.0':
    resolution: {integrity: sha512-bkiYX5kaXWwUessFRSoXFkGIQTmc6dLGdxuRTrC+h8PSnIdZyuXHHlLAeTmOue5Br/a0/a7dHH0Gca6eXn9MKg==}

  '@rolldown/binding-android-arm64@1.0.0-beta.56':
    resolution: {integrity: sha512-GFsly+vPnl1Sa61sC2LwK4Hrz48W+YBqBmLSxBEj9IJW6nHNsWof1wwh1gwnxMIm/yN5F9M0B/cRAwn6rTINyg==}
    engines: {node: ^20.19.0 || >=22.12.0}
    cpu: [arm64]
    os: [android]

  '@rolldown/binding-darwin-arm64@1.0.0-beta.56':
    resolution: {integrity: sha512-8fSkk5g5MVZpddrH8hOyc9O5t5Dqv2Vi3Qe628xe+2zJedJxucUc5DX/KY1OVBRp8XY09LJO+J1V56LsxeBVPA==}
    engines: {node: ^20.19.0 || >=22.12.0}
    cpu: [arm64]
    os: [darwin]

  '@rolldown/binding-darwin-x64@1.0.0-beta.56':
    resolution: {integrity: sha512-R+Q5zd763MKvgYSkBfr2gr/3nZQENaK88qEqfRUUYrpq/W0okOpbOJaxn5FDIIS+yq3cjyktYm115I5RiI6G5A==}
    engines: {node: ^20.19.0 || >=22.12.0}
    cpu: [x64]
    os: [darwin]

  '@rolldown/binding-freebsd-x64@1.0.0-beta.56':
    resolution: {integrity: sha512-YEsv0rfJoHHRNaVx6AfW/o4bmwTY7BJnSQ45rRCyU6DWEgvFZMojh6qzMQmW5ZVdcikE3cU1ZnrQQ2yem9H9Yg==}
    engines: {node: ^20.19.0 || >=22.12.0}
    cpu: [x64]
    os: [freebsd]

  '@rolldown/binding-linux-arm-gnueabihf@1.0.0-beta.56':
    resolution: {integrity: sha512-mpaV+NCKcHUOkcAThvz1KiXcNshLQRSBLNNKqum2dG7oLZKk+z+02Fxa8BSuFFqq/rmmO6Fq2TPAdZUgOrwiqw==}
    engines: {node: ^20.19.0 || >=22.12.0}
    cpu: [arm]
    os: [linux]

  '@rolldown/binding-linux-arm64-gnu@1.0.0-beta.56':
    resolution: {integrity: sha512-wj1uQRN4GEhYw5cs0dobGzZg3oKMLuQ3hY3fW7cLzvlwi9XRdzW7NmU58e6YUp6boOQLarSxdmAaqCMgaMZfcQ==}
    engines: {node: ^20.19.0 || >=22.12.0}
    cpu: [arm64]
    os: [linux]

  '@rolldown/binding-linux-arm64-musl@1.0.0-beta.56':
    resolution: {integrity: sha512-Z2PWbAHjW2EUflb1/tPvouMqppwWF5Va1Y9b4GQpO6QlpGK0Wqmn90GO2VKiheDh/gSZlsxZ7uOZoXh2y8R7Kg==}
    engines: {node: ^20.19.0 || >=22.12.0}
    cpu: [arm64]
    os: [linux]

  '@rolldown/binding-linux-x64-gnu@1.0.0-beta.56':
    resolution: {integrity: sha512-Z/uv04/Tsf7oqhwjPUiDiSildhWmCpsklA0e5PEB+0eGGmm07B+M2SmqRe9Fd0ypfU2TPGhq+Hn7RVUGIfSMxg==}
    engines: {node: ^20.19.0 || >=22.12.0}
    cpu: [x64]
    os: [linux]

  '@rolldown/binding-linux-x64-musl@1.0.0-beta.56':
    resolution: {integrity: sha512-u+yP0Pt9ar3PkLGGiyGmQKVj9j20X0E831DY0OVmbKYHAAbTyLKYx+UIIorCm+SQnhGKfkD+0pmwfTc2t2Vt/g==}
    engines: {node: ^20.19.0 || >=22.12.0}
    cpu: [x64]
    os: [linux]

  '@rolldown/binding-openharmony-arm64@1.0.0-beta.56':
    resolution: {integrity: sha512-Kuc6r5Uya+KxdJ7MUSok3K8zta/1bcsaSNxTvYujm2mWYuffadqgkkR3d0UCRbbCH5klZ+7VG6DR3VtPRlCntw==}
    engines: {node: ^20.19.0 || >=22.12.0}
    cpu: [arm64]
    os: [openharmony]

  '@rolldown/binding-wasm32-wasi@1.0.0-beta.56':
    resolution: {integrity: sha512-pejT5oLj8xlfn8tjC3bJKeuAsk/un6GKwjbsBQG0AchefdaHf2+S4QRn8XfEMB1l1ZTbe5yEiiV92mr7Jdjaeg==}
    engines: {node: '>=14.0.0'}
    cpu: [wasm32]

  '@rolldown/binding-win32-arm64-msvc@1.0.0-beta.56':
    resolution: {integrity: sha512-1NKkRLQR2ghmHMd+14nm1noOhoLei62pkdGlf1g4F+9lfFws66+9LBnP6Z+E+KK8Do9hzQ6FFRwtkC3EADAeyA==}
    engines: {node: ^20.19.0 || >=22.12.0}
    cpu: [arm64]
    os: [win32]

  '@rolldown/binding-win32-x64-msvc@1.0.0-beta.56':
    resolution: {integrity: sha512-BC3mObCr7/O+1jMJ/Hm3INikBk5D25RTxCha10Rq8b1gHlBfb9eA460+7xQfc8FxUsMCUgHtvrK3Vs5izgwBOQ==}
    engines: {node: ^20.19.0 || >=22.12.0}
    cpu: [x64]
    os: [win32]

  '@rolldown/pluginutils@1.0.0-beta.56':
    resolution: {integrity: sha512-cw9jwAgCs024Nic4OB8PeFDLBHLD1Athcv3bRvyYATIVD9B/gL5X5cJkezT94Y7m7Dk9HXaUMcvb7ypvSX46sA==}

  '@sveltejs/acorn-typescript@1.0.8':
    resolution: {integrity: sha512-esgN+54+q0NjB0Y/4BomT9samII7jGwNy/2a3wNZbT2A2RpmXsXwUt24LvLhx6jUq2gVk4cWEvcRO6MFQbOfNA==}
    peerDependencies:
      acorn: ^8.9.0

  '@sveltek/tsconfig@1.0.1':
    resolution: {integrity: sha512-bockHlpSQLRef67AmiNTrP5NLOpel5qNXIcozxpeUhwpS+3YZegfafZzt5he2KQamSCvuCmZZdxyqY3xF9ji2A==}
    peerDependencies:
      '@types/node': '>=20.0.0'
      typescript: '>=5.0.0'
    peerDependenciesMeta:
      '@types/node':
        optional: true

  '@tybys/wasm-util@0.10.1':
    resolution: {integrity: sha512-9tTaPJLSiejZKx+Bmog4uSubteqTvFrVrURwkmHixBo0G4seD0zUxp98E1DzUBJxLQ3NPwXrGKDiVjwx/DpPsg==}

  '@types/estree@1.0.8':
    resolution: {integrity: sha512-dWHzHa2WqEXI/O1E9OjrocMTKJl2mSrEolh1Iomrv6U+JuNwaHXsXx9bLu5gG7BUWFIN0skIQJQ/L1rIex4X6w==}

  acorn@8.15.0:
    resolution: {integrity: sha512-NZyJarBfL7nWwIq+FDL6Zp/yHEhePMNnnJ0y3qfieCrmNvYct8uvtiV41UvlSe6apAfk0fY1FbWx+NwfmpvtTg==}
    engines: {node: '>=0.4.0'}
    hasBin: true

  aria-query@5.3.2:
    resolution: {integrity: sha512-COROpnaoap1E2F000S62r6A60uHZnmlvomhfyT2DlTcrY1OrBKn2UhH7qn5wTC9zMvD0AY7csdPSNwKP+7WiQw==}
    engines: {node: '>= 0.4'}

  ast-kit@2.2.0:
    resolution: {integrity: sha512-m1Q/RaVOnTp9JxPX+F+Zn7IcLYMzM8kZofDImfsKZd8MbR+ikdOzTeztStWqfrqIxZnYWryyI9ePm3NGjnZgGw==}
    engines: {node: '>=20.19.0'}

  axobject-query@4.1.0:
    resolution: {integrity: sha512-qIj0G9wZbMGNLjLmg1PT6v2mE9AH2zlnADJD/2tC6E00hgmhUOfEB6greHPAfLRSufHqROIUTkw6E+M3lH0PTQ==}
    engines: {node: '>= 0.4'}

  birpc@4.0.0:
    resolution: {integrity: sha512-LShSxJP0KTmd101b6DRyGBj57LZxSDYWKitQNW/mi8GRMvZb078Uf9+pveax1DrVL89vm7mWe+TovdI/UDOuPw==}

  clsx@2.1.1:
    resolution: {integrity: sha512-eYm0QWBtUrBWZWG0d386OGAw16Z995PiOVo2B7bjWSbHedGl5e0ZWaq65kOGgUSNesEIDkB9ISbTg/JK9dhCZA==}
    engines: {node: '>=6'}

  devalue@5.6.1:
    resolution: {integrity: sha512-jDwizj+IlEZBunHcOuuFVBnIMPAEHvTsJj0BcIp94xYguLRVBcXO853px/MyIJvbVzWdsGvrRweIUWJw8hBP7A==}

  dts-resolver@2.1.3:
    resolution: {integrity: sha512-bihc7jPC90VrosXNzK0LTE2cuLP6jr0Ro8jk+kMugHReJVLIpHz/xadeq3MhuwyO4TD4OA3L1Q8pBBFRc08Tsw==}
    engines: {node: '>=20.19.0'}
    peerDependencies:
      oxc-resolver: '>=11.0.0'
    peerDependenciesMeta:
      oxc-resolver:
        optional: true

  esm-env@1.2.2:
    resolution: {integrity: sha512-Epxrv+Nr/CaL4ZcFGPJIYLWFom+YeV1DqMLHJoEd9SYRxNbaFruBwfEX/kkHUJf55j2+TUbmDcmuilbP1TmXHA==}

  esrap@2.2.1:
    resolution: {integrity: sha512-GiYWG34AN/4CUyaWAgunGt0Rxvr1PTMlGC0vvEov/uOQYWne2bpN03Um+k8jT+q3op33mKouP2zeJ6OlM+qeUg==}

  get-tsconfig@4.13.0:
    resolution: {integrity: sha512-1VKTZJCwBrvbd+Wn3AOgQP/2Av+TfTCOlE4AcRJE72W1ksZXbAx8PPBR9RzgTeSPzlPMHrbANMH3LbltH73wxQ==}

  is-reference@3.0.3:
    resolution: {integrity: sha512-ixkJoqQvAP88E6wLydLGGqCJsrFUnqoH6HnaczB8XmDH1oaWU+xxdptvikTgaEhtZ53Ky6YXiBuUI2WXLMCwjw==}

  jsesc@3.1.0:
    resolution: {integrity: sha512-/sM3dO2FOzXjKQhJuo0Q173wf2KOo8t4I8vHy6lF9poUp7bKT0/NHE8fPX23PwfhnykfqnC2xRxOnVw5XuGIaA==}
    engines: {node: '>=6'}
    hasBin: true

  locate-character@3.0.0:
    resolution: {integrity: sha512-SW13ws7BjaeJ6p7Q6CO2nchbYEc3X3J6WrmTTDto7yMPqVSZTUyY5Tjbid+Ab8gLnATtygYtiDIJGQRRn2ZOiA==}

  magic-string@0.30.21:
    resolution: {integrity: sha512-vd2F4YUyEXKGcLHoq+TEyCjxueSeHnFxyyjNp80yg0XV4vUhnDer/lvvlqM/arB5bXQN5K2/3oinyCRyx8T2CQ==}

  obug@2.1.1:
    resolution: {integrity: sha512-uTqF9MuPraAQ+IsnPf366RG4cP9RtUi7MLO1N3KEc+wb0a6yKpeL0lmk2IB1jY5KHPAlTc6T/JRdC/YqxHNwkQ==}

  pathe@2.0.3:
    resolution: {integrity: sha512-WUjGcAqP1gQacoQe+OBJsFA7Ld4DyXuUIjZ5cc75cLHvJ7dtNsTugphxIADwspS+AraAUePCKrSVtPLFj/F88w==}

  prettier-plugin-svelte@3.4.1:
    resolution: {integrity: sha512-xL49LCloMoZRvSwa6IEdN2GV6cq2IqpYGstYtMT+5wmml1/dClEoI0MZR78MiVPpu6BdQFfN0/y73yO6+br5Pg==}
    peerDependencies:
      prettier: ^3.0.0
      svelte: ^3.2.0 || ^4.0.0-next.0 || ^5.0.0-next.0

  prettier@3.7.4:
    resolution: {integrity: sha512-v6UNi1+3hSlVvv8fSaoUbggEM5VErKmmpGA7Pl3HF8V6uKY7rvClBOJlH6yNwQtfTueNkGVpOv/mtWL9L4bgRA==}
    engines: {node: '>=14'}
    hasBin: true

  resolve-pkg-maps@1.0.0:
    resolution: {integrity: sha512-seS2Tj26TBVOC2NIc2rOe2y2ZO7efxITtLZcGSOnHHNOQ7CkiUBfw0Iw2ck6xkIhPwLhKNLS8BO+hEpngQlqzw==}

  rolldown-plugin-dts@0.19.2:
    resolution: {integrity: sha512-KbP0cnnjD1ubnyklqy6GCahvUsOrPFH4i+RTX6bNpyvh+jUsaxY01e9mLOU2NsGzQkJS/q4hbCbdcQoAmSWIYg==}
    engines: {node: '>=20.19.0'}
    peerDependencies:
      '@ts-macro/tsc': ^0.3.6
      '@typescript/native-preview': '>=7.0.0-dev.20250601.1'
      rolldown: ^1.0.0-beta.55
      typescript: ^5.0.0
      vue-tsc: ~3.2.0
    peerDependenciesMeta:
      '@ts-macro/tsc':
        optional: true
      '@typescript/native-preview':
        optional: true
      typescript:
        optional: true
      vue-tsc:
        optional: true

  rolldown@1.0.0-beta.56:
    resolution: {integrity: sha512-9MHiUvRH2R8rb6ad6EaLxahS3RbQKdMMlrh9XKmbz2HiCGfK4IWKSNv4N6GhYr+7kHExg6oIc5EF1xA3iR4x1A==}
    engines: {node: ^20.19.0 || >=22.12.0}
    hasBin: true

  svelte@5.46.0:
    resolution: {integrity: sha512-ZhLtvroYxUxr+HQJfMZEDRsGsmU46x12RvAv/zi9584f5KOX7bUrEbhPJ7cKFmUvZTJXi/CFZUYwDC6M1FigPw==}
    engines: {node: '>=18'}

  tslib@2.8.1:
    resolution: {integrity: sha512-oJFu94HQb+KVduSUQL7wnpmqnfmLsOA/nAh6b6EH0wCEoK0/mPeXU6c3wKDV83MkOuHPRHtSXKKU99IBazS/2w==}

  typescript@5.9.3:
    resolution: {integrity: sha512-jl1vZzPDinLr9eUt3J/t7V6FgNEw9QjvBPdysz9KfQDD41fQrC2Y4vKQdiaUpFT4bXlb1RHhLpp8wtm6M5TgSw==}
    engines: {node: '>=14.17'}
    hasBin: true

  zimmerframe@1.1.4:
    resolution: {integrity: sha512-B58NGBEoc8Y9MWWCQGl/gq9xBCe4IiKM0a2x7GZdQKOW5Exr8S1W24J6OgM1njK8xCRGvAJIL/MxXHf6SkmQKQ==}

snapshots:

  '@babel/generator@7.28.5':
    dependencies:
      '@babel/parser': 7.28.5
      '@babel/types': 7.28.5
      '@jridgewell/gen-mapping': 0.3.13
      '@jridgewell/trace-mapping': 0.3.31
      jsesc: 3.1.0

  '@babel/helper-string-parser@7.27.1': {}

  '@babel/helper-validator-identifier@7.28.5': {}

  '@babel/parser@7.28.5':
    dependencies:
      '@babel/types': 7.28.5

  '@babel/types@7.28.5':
    dependencies:
      '@babel/helper-string-parser': 7.27.1
      '@babel/helper-validator-identifier': 7.28.5

  '@emnapi/core@1.7.1':
    dependencies:
      '@emnapi/wasi-threads': 1.1.0
      tslib: 2.8.1
    optional: true

  '@emnapi/runtime@1.7.1':
    dependencies:
      tslib: 2.8.1
    optional: true

  '@emnapi/wasi-threads@1.1.0':
    dependencies:
      tslib: 2.8.1
    optional: true

  '@hypernym/args@0.3.4': {}

  '@hypernym/bundler@0.31.0(typescript@5.9.3)':
    dependencies:
      '@hypernym/args': 0.3.4
      '@hypernym/colors': 1.0.6(typescript@5.9.3)
      '@hypernym/utils': 3.4.6(typescript@5.9.3)
      rolldown: 1.0.0-beta.56
      rolldown-plugin-dts: 0.19.2(rolldown@1.0.0-beta.56)(typescript@5.9.3)
    optionalDependencies:
      typescript: 5.9.3
    transitivePeerDependencies:
      - '@ts-macro/tsc'
      - '@typescript/native-preview'
      - oxc-resolver
      - vue-tsc

  '@hypernym/colors@1.0.6(typescript@5.9.3)':
    optionalDependencies:
      typescript: 5.9.3

  '@hypernym/utils@3.4.6(typescript@5.9.3)':
    optionalDependencies:
      typescript: 5.9.3

  '@jridgewell/gen-mapping@0.3.13':
    dependencies:
      '@jridgewell/sourcemap-codec': 1.5.5
      '@jridgewell/trace-mapping': 0.3.31

  '@jridgewell/remapping@2.3.5':
    dependencies:
      '@jridgewell/gen-mapping': 0.3.13
      '@jridgewell/trace-mapping': 0.3.31

  '@jridgewell/resolve-uri@3.1.2': {}

  '@jridgewell/sourcemap-codec@1.5.5': {}

  '@jridgewell/trace-mapping@0.3.31':
    dependencies:
      '@jridgewell/resolve-uri': 3.1.2
      '@jridgewell/sourcemap-codec': 1.5.5

  '@napi-rs/wasm-runtime@1.1.0':
    dependencies:
      '@emnapi/core': 1.7.1
      '@emnapi/runtime': 1.7.1
      '@tybys/wasm-util': 0.10.1
    optional: true

  '@oxc-project/types@0.103.0': {}

  '@rolldown/binding-android-arm64@1.0.0-beta.56':
    optional: true

  '@rolldown/binding-darwin-arm64@1.0.0-beta.56':
    optional: true

  '@rolldown/binding-darwin-x64@1.0.0-beta.56':
    optional: true

  '@rolldown/binding-freebsd-x64@1.0.0-beta.56':
    optional: true

  '@rolldown/binding-linux-arm-gnueabihf@1.0.0-beta.56':
    optional: true

  '@rolldown/binding-linux-arm64-gnu@1.0.0-beta.56':
    optional: true

  '@rolldown/binding-linux-arm64-musl@1.0.0-beta.56':
    optional: true

  '@rolldown/binding-linux-x64-gnu@1.0.0-beta.56':
    optional: true

  '@rolldown/binding-linux-x64-musl@1.0.0-beta.56':
    optional: true

  '@rolldown/binding-openharmony-arm64@1.0.0-beta.56':
    optional: true

  '@rolldown/binding-wasm32-wasi@1.0.0-beta.56':
    dependencies:
      '@napi-rs/wasm-runtime': 1.1.0
    optional: true

  '@rolldown/binding-win32-arm64-msvc@1.0.0-beta.56':
    optional: true

  '@rolldown/binding-win32-x64-msvc@1.0.0-beta.56':
    optional: true

  '@rolldown/pluginutils@1.0.0-beta.56': {}

  '@sveltejs/acorn-typescript@1.0.8(acorn@8.15.0)':
    dependencies:
      acorn: 8.15.0

  '@sveltek/tsconfig@1.0.1(typescript@5.9.3)':
    dependencies:
      typescript: 5.9.3

  '@tybys/wasm-util@0.10.1':
    dependencies:
      tslib: 2.8.1
    optional: true

  '@types/estree@1.0.8': {}

  acorn@8.15.0: {}

  aria-query@5.3.2: {}

  ast-kit@2.2.0:
    dependencies:
      '@babel/parser': 7.28.5
      pathe: 2.0.3

  axobject-query@4.1.0: {}

  birpc@4.0.0: {}

  clsx@2.1.1: {}

  devalue@5.6.1: {}

  dts-resolver@2.1.3: {}

  esm-env@1.2.2: {}

  esrap@2.2.1:
    dependencies:
      '@jridgewell/sourcemap-codec': 1.5.5

  get-tsconfig@4.13.0:
    dependencies:
      resolve-pkg-maps: 1.0.0

  is-reference@3.0.3:
    dependencies:
      '@types/estree': 1.0.8

  jsesc@3.1.0: {}

  locate-character@3.0.0: {}

  magic-string@0.30.21:
    dependencies:
      '@jridgewell/sourcemap-codec': 1.5.5

  obug@2.1.1: {}

  pathe@2.0.3: {}

  prettier-plugin-svelte@3.4.1(prettier@3.7.4)(svelte@5.46.0):
    dependencies:
      prettier: 3.7.4
      svelte: 5.46.0

  prettier@3.7.4: {}

  resolve-pkg-maps@1.0.0: {}

  rolldown-plugin-dts@0.19.2(rolldown@1.0.0-beta.56)(typescript@5.9.3):
    dependencies:
      '@babel/generator': 7.28.5
      '@babel/parser': 7.28.5
      '@babel/types': 7.28.5
      ast-kit: 2.2.0
      birpc: 4.0.0
      dts-resolver: 2.1.3
      get-tsconfig: 4.13.0
      obug: 2.1.1
      rolldown: 1.0.0-beta.56
    optionalDependencies:
      typescript: 5.9.3
    transitivePeerDependencies:
      - oxc-resolver

  rolldown@1.0.0-beta.56:
    dependencies:
      '@oxc-project/types': 0.103.0
      '@rolldown/pluginutils': 1.0.0-beta.56
    optionalDependencies:
      '@rolldown/binding-android-arm64': 1.0.0-beta.56
      '@rolldown/binding-darwin-arm64': 1.0.0-beta.56
      '@rolldown/binding-darwin-x64': 1.0.0-beta.56
      '@rolldown/binding-freebsd-x64': 1.0.0-beta.56
      '@rolldown/binding-linux-arm-gnueabihf': 1.0.0-beta.56
      '@rolldown/binding-linux-arm64-gnu': 1.0.0-beta.56
      '@rolldown/binding-linux-arm64-musl': 1.0.0-beta.56
      '@rolldown/binding-linux-x64-gnu': 1.0.0-beta.56
      '@rolldown/binding-linux-x64-musl': 1.0.0-beta.56
      '@rolldown/binding-openharmony-arm64': 1.0.0-beta.56
      '@rolldown/binding-wasm32-wasi': 1.0.0-beta.56
      '@rolldown/binding-win32-arm64-msvc': 1.0.0-beta.56
      '@rolldown/binding-win32-x64-msvc': 1.0.0-beta.56

  svelte@5.46.0:
    dependencies:
      '@jridgewell/remapping': 2.3.5
      '@jridgewell/sourcemap-codec': 1.5.5
      '@sveltejs/acorn-typescript': 1.0.8(acorn@8.15.0)
      '@types/estree': 1.0.8
      acorn: 8.15.0
      aria-query: 5.3.2
      axobject-query: 4.1.0
      clsx: 2.1.1
      devalue: 5.6.1
      esm-env: 1.2.2
      esrap: 2.2.1
      is-reference: 3.0.3
      locate-character: 3.0.0
      magic-string: 0.30.21
      zimmerframe: 1.1.4

  tslib@2.8.1:
    optional: true

  typescript@5.9.3: {}

  zimmerframe@1.1.4: {}
